// !$*UTF8*$!
{
	archiveVersion = 1;
	classes = {
	};
	objectVersion = 56;
	objects = {

/* Begin PBXBuildFile section */
		70F365732C41AEBC00DABE93 /* gitHubTutorialApp.swift in Sources */ = {isa = PBXBuildFile; fileRef = 70F365722C41AEBC00DABE93 /* gitHubTutorialApp.swift */; };
		70F365752C41AEBC00DABE93 /* ContentView.swift in Sources */ = {isa = PBXBuildFile; fileRef = 70F365742C41AEBC00DABE93 /* ContentView.swift */; };
		70F365772C41AEC100DABE93 /* Assets.xcassets in Resources */ = {isa = PBXBuildFile; fileRef = 70F365762C41AEC100DABE93 /* Assets.xcassets */; };
		70F3657A2C41AEC100DABE93 /* Preview Assets.xcassets in Resources */ = {isa = PBXBuildFile; fileRef = 70F365792C41AEC100DABE93 /* Preview Assets.xcassets */; };
		70F365842C41AEC200DABE93 /* gitHubTutorialTests.swift in Sources */ = {isa = PBXBuildFile; fileRef = 70F365832C41AEC200DABE93 /* gitHubTutorialTests.swift */; };
		70F3658E2C41AEC200DABE93 /* gitHubTutorialUITests.swift in Sources */ = {isa = PBXBuildFile; fileRef = 70F3658D2C41AEC200DABE93 /* gitHubTutorialUITests.swift */; };
		70F365902C41AEC200DABE93 /* gitHubTutorialUITestsLaunchTests.swift in Sources */ = {isa = PBXBuildFile; fileRef = 70F3658F2C41AEC200DABE93 /* gitHubTutorialUITestsLaunchTests.swift */; };
/* End PBXBuildFile section */

/* Begin PBXContainerItemProxy section */
		70F365802C41AEC200DABE93 /* PBXContainerItemProxy */ = {
			isa = PBXContainerItemProxy;
			containerPortal = 70F365672C41AEBC00DABE93 /* Project object */;
			proxyType = 1;
			remoteGlobalIDString = 70F3656E2C41AEBC00DABE93;
			remoteInfo = gitHubTutorial;
		};
		70F3658A2C41AEC200DABE93 /* PBXContainerItemProxy */ = {
			isa = PBXContainerItemProxy;
			containerPortal = 70F365672C41AEBC00DABE93 /* Project object */;
			proxyType = 1;
			remoteGlobalIDString = 70F3656E2C41AEBC00DABE93;
			remoteInfo = gitHubTutorial;
		};
/* End PBXContainerItemProxy section */

/* Begin PBXFileReference section */
		70F3656F2C41AEBC00DABE93 /* gitHubTutorial.app */ = {isa = PBXFileReference; explicitFileType = wrapper.application; includeInIndex = 0; path = gitHubTutorial.app; sourceTree = BUILT_PRODUCTS_DIR; };
		70F365722C41AEBC00DABE93 /* gitHubTutorialApp.swift */ = {isa = PBXFileReference; lastKnownFileType = sourcecode.swift; path = gitHubTutorialApp.swift; sourceTree = "<group>"; };
		70F365742C41AEBC00DABE93 /* ContentView.swift */ = {isa = PBXFileReference; lastKnownFileType = sourcecode.swift; path = ContentView.swift; sourceTree = "<group>"; };
		70F365762C41AEC100DABE93 /* Assets.xcassets */ = {isa = PBXFileReference; lastKnownFileType = folder.assetcatalog; path = Assets.xcassets; sourceTree = "<group>"; };
		70F365792C41AEC100DABE93 /* Preview Assets.xcassets */ = {isa = PBXFileReference; lastKnownFileType = folder.assetcatalog; path = "Preview Assets.xcassets"; sourceTree = "<group>"; };
		70F3657F2C41AEC200DABE93 /* gitHubTutorialTests.xctest */ = {isa = PBXFileReference; explicitFileType = wrapper.cfbundle; includeInIndex = 0; path = gitHubTutorialTests.xctest; sourceTree = BUILT_PRODUCTS_DIR; };
		70F365832C41AEC200DABE93 /* gitHubTutorialTests.swift */ = {isa = PBXFileReference; lastKnownFileType = sourcecode.swift; path = gitHubTutorialTests.swift; sourceTree = "<group>"; };
		70F365892C41AEC200DABE93 /* gitHubTutorialUITests.xctest */ = {isa = PBXFileReference; explicitFileType = wrapper.cfbundle; includeInIndex = 0; path = gitHubTutorialUITests.xctest; sourceTree = BUILT_PRODUCTS_DIR; };
		70F3658D2C41AEC200DABE93 /* gitHubTutorialUITests.swift */ = {isa = PBXFileReference; lastKnownFileType = sourcecode.swift; path = gitHubTutorialUITests.swift; sourceTree = "<group>"; };
		70F3658F2C41AEC200DABE93 /* gitHubTutorialUITestsLaunchTests.swift */ = {isa = PBXFileReference; lastKnownFileType = sourcecode.swift; path = gitHubTutorialUITestsLaunchTests.swift; sourceTree = "<group>"; };
/* End PBXFileReference section */

/* Begin PBXFrameworksBuildPhase section */
		70F3656C2C41AEBC00DABE93 /* Frameworks */ = {
			isa = PBXFrameworksBuildPhase;
			buildActionMask = 2147483647;
			files = (
			);
			runOnlyForDeploymentPostprocessing = 0;
		};
		70F3657C2C41AEC200DABE93 /* Frameworks */ = {
			isa = PBXFrameworksBuildPhase;
			buildActionMask = 2147483647;
			files = (
			);
			runOnlyForDeploymentPostprocessing = 0;
		};
		70F365862C41AEC200DABE93 /* Frameworks */ = {
			isa = PBXFrameworksBuildPhase;
			buildActionMask = 2147483647;
			files = (
			);
			runOnlyForDeploymentPostprocessing = 0;
		};
/* End PBXFrameworksBuildPhase section */

/* Begin PBXGroup section */
		70F365662C41AEBC00DABE93 = {
			isa = PBXGroup;
			children = (
				70F365712C41AEBC00DABE93 /* gitHubTutorial */,
				70F365822C41AEC200DABE93 /* gitHubTutorialTests */,
				70F3658C2C41AEC200DABE93 /* gitHubTutorialUITests */,
				70F365702C41AEBC00DABE93 /* Products */,
			);
			sourceTree = "<group>";
		};
		70F365702C41AEBC00DABE93 /* Products */ = {
			isa = PBXGroup;
			children = (
				70F3656F2C41AEBC00DABE93 /* gitHubTutorial.app */,
				70F3657F2C41AEC200DABE93 /* gitHubTutorialTests.xctest */,
				70F365892C41AEC200DABE93 /* gitHubTutorialUITests.xctest */,
			);
			name = Products;
			sourceTree = "<group>";
		};
		70F365712C41AEBC00DABE93 /* gitHubTutorial */ = {
			isa = PBXGroup;
			children = (
				70F365722C41AEBC00DABE93 /* gitHubTutorialApp.swift */,
				70F365742C41AEBC00DABE93 /* ContentView.swift */,
				70F365762C41AEC100DABE93 /* Assets.xcassets */,
				70F365782C41AEC100DABE93 /* Preview Content */,
			);
			path = gitHubTutorial;
			sourceTree = "<group>";
		};
		70F365782C41AEC100DABE93 /* Preview Content */ = {
			isa = PBXGroup;
			children = (
				70F365792C41AEC100DABE93 /* Preview Assets.xcassets */,
			);
			path = "Preview Content";
			sourceTree = "<group>";
		};
		70F365822C41AEC200DABE93 /* gitHubTutorialTests */ = {
			isa = PBXGroup;
			children = (
				70F365832C41AEC200DABE93 /* gitHubTutorialTests.swift */,
			);
			path = gitHubTutorialTests;
			sourceTree = "<group>";
		};
		70F3658C2C41AEC200DABE93 /* gitHubTutorialUITests */ = {
			isa = PBXGroup;
			children = (
				70F3658D2C41AEC200DABE93 /* gitHubTutorialUITests.swift */,
				70F3658F2C41AEC200DABE93 /* gitHubTutorialUITestsLaunchTests.swift */,
			);
			path = gitHubTutorialUITests;
			sourceTree = "<group>";
		};
/* End PBXGroup section */

/* Begin PBXNativeTarget section */
		70F3656E2C41AEBC00DABE93 /* gitHubTutorial */ = {
			isa = PBXNativeTarget;
			buildConfigurationList = 70F365932C41AEC200DABE93 /* Build configuration list for PBXNativeTarget "gitHubTutorial" */;
			buildPhases = (
				70F3656B2C41AEBC00DABE93 /* Sources */,
				70F3656C2C41AEBC00DABE93 /* Frameworks */,
				70F3656D2C41AEBC00DABE93 /* Resources */,
			);
			buildRules = (
			);
			dependencies = (
			);
			name = gitHubTutorial;
			productName = gitHubTutorial;
			productReference = 70F3656F2C41AEBC00DABE93 /* gitHubTutorial.app */;
			productType = "com.apple.product-type.application";
		};
		70F3657E2C41AEC200DABE93 /* gitHubTutorialTests */ = {
			isa = PBXNativeTarget;
			buildConfigurationList = 70F365962C41AEC200DABE93 /* Build configuration list for PBXNativeTarget "gitHubTutorialTests" */;
			buildPhases = (
				70F3657B2C41AEC200DABE93 /* Sources */,
				70F3657C2C41AEC200DABE93 /* Frameworks */,
				70F3657D2C41AEC200DABE93 /* Resources */,
			);
			buildRules = (
			);
			dependencies = (
				70F365812C41AEC200DABE93 /* PBXTargetDependency */,
			);
			name = gitHubTutorialTests;
			productName = gitHubTutorialTests;
			productReference = 70F3657F2C41AEC200DABE93 /* gitHubTutorialTests.xctest */;
			productType = "com.apple.product-type.bundle.unit-test";
		};
		70F365882C41AEC200DABE93 /* gitHubTutorialUITests */ = {
			isa = PBXNativeTarget;
			buildConfigurationList = 70F365992C41AEC200DABE93 /* Build configuration list for PBXNativeTarget "gitHubTutorialUITests" */;
			buildPhases = (
				70F365852C41AEC200DABE93 /* Sources */,
				70F365862C41AEC200DABE93 /* Frameworks */,
				70F365872C41AEC200DABE93 /* Resources */,
			);
			buildRules = (
			);
			dependencies = (
				70F3658B2C41AEC200DABE93 /* PBXTargetDependency */,
			);
			name = gitHubTutorialUITests;
			productName = gitHubTutorialUITests;
			productReference = 70F365892C41AEC200DABE93 /* gitHubTutorialUITests.xctest */;
			productType = "com.apple.product-type.bundle.ui-testing";
		};
/* End PBXNativeTarget section */

/* Begin PBXProject section */
		70F365672C41AEBC00DABE93 /* Project object */ = {
			isa = PBXProject;
			attributes = {
				BuildIndependentTargetsInParallel = 1;
				LastSwiftUpdateCheck = 1540;
				LastUpgradeCheck = 1540;
				TargetAttributes = {
					70F3656E2C41AEBC00DABE93 = {
						CreatedOnToolsVersion = 15.4;
					};
					70F3657E2C41AEC200DABE93 = {
						CreatedOnToolsVersion = 15.4;
						TestTargetID = 70F3656E2C41AEBC00DABE93;
					};
					70F365882C41AEC200DABE93 = {
						CreatedOnToolsVersion = 15.4;
						TestTargetID = 70F3656E2C41AEBC00DABE93;
					};
				};
			};
			buildConfigurationList = 70F3656A2C41AEBC00DABE93 /* Build configuration list for PBXProject "gitHubTutorial" */;
			compatibilityVersion = "Xcode 14.0";
			developmentRegion = en;
			hasScannedForEncodings = 0;
			knownRegions = (
				en,
				Base,
			);
			mainGroup = 70F365662C41AEBC00DABE93;
			productRefGroup = 70F365702C41AEBC00DABE93 /* Products */;
			projectDirPath = "";
			projectRoot = "";
			targets = (
				70F3656E2C41AEBC00DABE93 /* gitHubTutorial */,
				70F3657E2C41AEC200DABE93 /* gitHubTutorialTests */,
				70F365882C41AEC200DABE93 /* gitHubTutorialUITests */,
			);
		};
/* End PBXProject section */

/* Begin PBXResourcesBuildPhase section */
		70F3656D2C41AEBC00DABE93 /* Resources */ = {
			isa = PBXResourcesBuildPhase;
			buildActionMask = 2147483647;
			files = (
				70F3657A2C41AEC100DABE93 /* Preview Assets.xcassets in Resources */,
				70F365772C41AEC100DABE93 /* Assets.xcassets in Resources */,
			);
			runOnlyForDeploymentPostprocessing = 0;
		};
		70F3657D2C41AEC200DABE93 /* Resources */ = {
			isa = PBXResourcesBuildPhase;
			buildActionMask = 2147483647;
			files = (
			);
			runOnlyForDeploymentPostprocessing = 0;
		};
		70F365872C41AEC200DABE93 /* Resources */ = {
			isa = PBXResourcesBuildPhase;
			buildActionMask = 2147483647;
			files = (
			);
			runOnlyForDeploymentPostprocessing = 0;
		};
/* End PBXResourcesBuildPhase section */

/* Begin PBXSourcesBuildPhase section */
		70F3656B2C41AEBC00DABE93 /* Sources */ = {
			isa = PBXSourcesBuildPhase;
			buildActionMask = 2147483647;
			files = (
				70F365752C41AEBC00DABE93 /* ContentView.swift in Sources */,
				70F365732C41AEBC00DABE93 /* gitHubTutorialApp.swift in Sources */,
			);
			runOnlyForDeploymentPostprocessing = 0;
		};
		70F3657B2C41AEC200DABE93 /* Sources */ = {
			isa = PBXSourcesBuildPhase;
			buildActionMask = 2147483647;
			files = (
				70F365842C41AEC200DABE93 /* gitHubTutorialTests.swift in Sources */,
			);
			runOnlyForDeploymentPostprocessing = 0;
		};
		70F365852C41AEC200DABE93 /* Sources */ = {
			isa = PBXSourcesBuildPhase;
			buildActionMask = 2147483647;
			files = (
				70F3658E2C41AEC200DABE93 /* gitHubTutorialUITests.swift in Sources */,
				70F365902C41AEC200DABE93 /* gitHubTutorialUITestsLaunchTests.swift in Sources */,
			);
			runOnlyForDeploymentPostprocessing = 0;
		};
/* End PBXSourcesBuildPhase section */

/* Begin PBXTargetDependency section */
		70F365812C41AEC200DABE93 /* PBXTargetDependency */ = {
			isa = PBXTargetDependency;
			target = 70F3656E2C41AEBC00DABE93 /* gitHubTutorial */;
			targetProxy = 70F365802C41AEC200DABE93 /* PBXContainerItemProxy */;
		};
		70F3658B2C41AEC200DABE93 /* PBXTargetDependency */ = {
			isa = PBXTargetDependency;
			target = 70F3656E2C41AEBC00DABE93 /* gitHubTutorial */;
			targetProxy = 70F3658A2C41AEC200DABE93 /* PBXContainerItemProxy */;
		};
/* End PBXTargetDependency section */

/* Begin XCBuildConfiguration section */
		70F365912C41AEC200DABE93 /* Debug */ = {
			isa = XCBuildConfiguration;
			buildSettings = {
				ALWAYS_SEARCH_USER_PATHS = NO;
				ASSETCATALOG_COMPILER_GENERATE_SWIFT_ASSET_SYMBOL_EXTENSIONS = YES;
				CLANG_ANALYZER_NONNULL = YES;
				CLANG_ANALYZER_NUMBER_OBJECT_CONVERSION = YES_AGGRESSIVE;
				CLANG_CXX_LANGUAGE_STANDARD = "gnu++20";
				CLANG_ENABLE_MODULES = YES;
				CLANG_ENABLE_OBJC_ARC = YES;
				CLANG_ENABLE_OBJC_WEAK = YES;
				CLANG_WARN_BLOCK_CAPTURE_AUTORELEASING = YES;
				CLANG_WARN_BOOL_CONVERSION = YES;
				CLANG_WARN_COMMA = YES;
				CLANG_WARN_CONSTANT_CONVERSION = YES;
				CLANG_WARN_DEPRECATED_OBJC_IMPLEMENTATIONS = YES;
				CLANG_WARN_DIRECT_OBJC_ISA_USAGE = YES_ERROR;
				CLANG_WARN_DOCUMENTATION_COMMENTS = YES;
				CLANG_WARN_EMPTY_BODY = YES;
				CLANG_WARN_ENUM_CONVERSION = YES;
				CLANG_WARN_INFINITE_RECURSION = YES;
				CLANG_WARN_INT_CONVERSION = YES;
				CLANG_WARN_NON_LITERAL_NULL_CONVERSION = YES;
				CLANG_WARN_OBJC_IMPLICIT_RETAIN_SELF = YES;
				CLANG_WARN_OBJC_LITERAL_CONVERSION = YES;
				CLANG_WARN_OBJC_ROOT_CLASS = YES_ERROR;
				CLANG_WARN_QUOTED_INCLUDE_IN_FRAMEWORK_HEADER = YES;
				CLANG_WARN_RANGE_LOOP_ANALYSIS = YES;
				CLANG_WARN_STRICT_PROTOTYPES = YES;
				CLANG_WARN_SUSPICIOUS_MOVE = YES;
				CLANG_WARN_UNGUARDED_AVAILABILITY = YES_AGGRESSIVE;
				CLANG_WARN_UNREACHABLE_CODE = YES;
				CLANG_WARN__DUPLICATE_METHOD_MATCH = YES;
				COPY_PHASE_STRIP = NO;
				DEBUG_INFORMATION_FORMAT = dwarf;
				ENABLE_STRICT_OBJC_MSGSEND = YES;
				ENABLE_TESTABILITY = YES;
				ENABLE_USER_SCRIPT_SANDBOXING = YES;
				GCC_C_LANGUAGE_STANDARD = gnu17;
				GCC_DYNAMIC_NO_PIC = NO;
				GCC_NO_COMMON_BLOCKS = YES;
				GCC_OPTIMIZATION_LEVEL = 0;
				GCC_PREPROCESSOR_DEFINITIONS = (
					"DEBUG=1",
					"$(inherited)",
				);
				GCC_WARN_64_TO_32_BIT_CONVERSION = YES;
				GCC_WARN_ABOUT_RETURN_TYPE = YES_ERROR;
				GCC_WARN_UNDECLARED_SELECTOR = YES;
				GCC_WARN_UNINITIALIZED_AUTOS = YES_AGGRESSIVE;
				GCC_WARN_UNUSED_FUNCTION = YES;
				GCC_WARN_UNUSED_VARIABLE = YES;
				IPHONEOS_DEPLOYMENT_TARGET = 17.5;
				LOCALIZATION_PREFERS_STRING_CATALOGS = YES;
				MTL_ENABLE_DEBUG_INFO = INCLUDE_SOURCE;
				MTL_FAST_MATH = YES;
				ONLY_ACTIVE_ARCH = YES;
				SDKROOT = iphoneos;
				SWIFT_ACTIVE_COMPILATION_CONDITIONS = "DEBUG $(inherited)";
				SWIFT_OPTIMIZATION_LEVEL = "-Onone";
			};
			name = Debug;
		};
		70F365922C41AEC200DABE93 /* Release */ = {
			isa = XCBuildConfiguration;
			buildSettings = {
				ALWAYS_SEARCH_USER_PATHS = NO;
				ASSETCATALOG_COMPILER_GENERATE_SWIFT_ASSET_SYMBOL_EXTENSIONS = YES;
				CLANG_ANALYZER_NONNULL = YES;
				CLANG_ANALYZER_NUMBER_OBJECT_CONVERSION = YES_AGGRESSIVE;
				CLANG_CXX_LANGUAGE_STANDARD = "gnu++20";
				CLANG_ENABLE_MODULES = YES;
				CLANG_ENABLE_OBJC_ARC = YES;
				CLANG_ENABLE_OBJC_WEAK = YES;
				CLANG_WARN_BLOCK_CAPTURE_AUTORELEASING = YES;
				CLANG_WARN_BOOL_CONVERSION = YES;
				CLANG_WARN_COMMA = YES;
				CLANG_WARN_CONSTANT_CONVERSION = YES;
				CLANG_WARN_DEPRECATED_OBJC_IMPLEMENTATIONS = YES;
				CLANG_WARN_DIRECT_OBJC_ISA_USAGE = YES_ERROR;
				CLANG_WARN_DOCUMENTATION_COMMENTS = YES;
				CLANG_WARN_EMPTY_BODY = YES;
				CLANG_WARN_ENUM_CONVERSION = YES;
				CLANG_WARN_INFINITE_RECURSION = YES;
				CLANG_WARN_INT_CONVERSION = YES;
				CLANG_WARN_NON_LITERAL_NULL_CONVERSION = YES;
				CLANG_WARN_OBJC_IMPLICIT_RETAIN_SELF = YES;
				CLANG_WARN_OBJC_LITERAL_CONVERSION = YES;
				CLANG_WARN_OBJC_ROOT_CLASS = YES_ERROR;
				CLANG_WARN_QUOTED_INCLUDE_IN_FRAMEWORK_HEADER = YES;
				CLANG_WARN_RANGE_LOOP_ANALYSIS = YES;
				CLANG_WARN_STRICT_PROTOTYPES = YES;
				CLANG_WARN_SUSPICIOUS_MOVE = YES;
				CLANG_WARN_UNGUARDED_AVAILABILITY = YES_AGGRESSIVE;
				CLANG_WARN_UNREACHABLE_CODE = YES;
				CLANG_WARN__DUPLICATE_METHOD_MATCH = YES;
				COPY_PHASE_STRIP = NO;
				DEBUG_INFORMATION_FORMAT = "dwarf-with-dsym";
				ENABLE_NS_ASSERTIONS = NO;
				ENABLE_STRICT_OBJC_MSGSEND = YES;
				ENABLE_USER_SCRIPT_SANDBOXING = YES;
				GCC_C_LANGUAGE_STANDARD = gnu17;
				GCC_NO_COMMON_BLOCKS = YES;
				GCC_WARN_64_TO_32_BIT_CONVERSION = YES;
				GCC_WARN_ABOUT_RETURN_TYPE = YES_ERROR;
				GCC_WARN_UNDECLARED_SELECTOR = YES;
				GCC_WARN_UNINITIALIZED_AUTOS = YES_AGGRESSIVE;
				GCC_WARN_UNUSED_FUNCTION = YES;
				GCC_WARN_UNUSED_VARIABLE = YES;
				IPHONEOS_DEPLOYMENT_TARGET = 17.5;
				LOCALIZATION_PREFERS_STRING_CATALOGS = YES;
				MTL_ENABLE_DEBUG_INFO = NO;
				MTL_FAST_MATH = YES;
				SDKROOT = iphoneos;
				SWIFT_COMPILATION_MODE = wholemodule;
				VALIDATE_PRODUCT = YES;
			};
			name = Release;
		};
		70F365942C41AEC200DABE93 /* Debug */ = {
			isa = XCBuildConfiguration;
			buildSettings = {
				ASSETCATALOG_COMPILER_APPICON_NAME = AppIcon;
				ASSETCATALOG_COMPILER_GLOBAL_ACCENT_COLOR_NAME = AccentColor;
				CODE_SIGN_STYLE = Automatic;
				CURRENT_PROJECT_VERSION = 1;
				DEVELOPMENT_ASSET_PATHS = "\"gitHubTutorial/Preview Content\"";
				ENABLE_PREVIEWS = YES;
				GENERATE_INFOPLIST_FILE = YES;
				INFOPLIST_KEY_UIApplicationSceneManifest_Generation = YES;
				INFOPLIST_KEY_UIApplicationSupportsIndirectInputEvents = YES;
				INFOPLIST_KEY_UILaunchScreen_Generation = YES;
				INFOPLIST_KEY_UISupportedInterfaceOrientations_iPad = "UIInterfaceOrientationPortrait UIInterfaceOrientationPortraitUpsideDown UIInterfaceOrientationLandscapeLeft UIInterfaceOrientationLandscapeRight";
				INFOPLIST_KEY_UISupportedInterfaceOrientations_iPhone = "UIInterfaceOrientationPortrait UIInterfaceOrientationLandscapeLeft UIInterfaceOrientationLandscapeRight";
				LD_RUNPATH_SEARCH_PATHS = (
					"$(inherited)",
					"@executable_path/Frameworks",
				);
				MARKETING_VERSION = 1.0;
				PRODUCT_BUNDLE_IDENTIFIER = KWK.gitHubTutorial;
				PRODUCT_NAME = "$(TARGET_NAME)";
				SWIFT_EMIT_LOC_STRINGS = YES;
				SWIFT_VERSION = 5.0;
				TARGETED_DEVICE_FAMILY = "1,2";
			};
			name = Debug;
		};
		70F365952C41AEC200DABE93 /* Release */ = {
			isa = XCBuildConfiguration;
			buildSettings = {
				ASSETCATALOG_COMPILER_APPICON_NAME = AppIcon;
				ASSETCATALOG_COMPILER_GLOBAL_ACCENT_COLOR_NAME = AccentColor;
				CODE_SIGN_STYLE = Automatic;
				CURRENT_PROJECT_VERSION = 1;
				DEVELOPMENT_ASSET_PATHS = "\"gitHubTutorial/Preview Content\"";
				ENABLE_PREVIEWS = YES;
				GENERATE_INFOPLIST_FILE = YES;
				INFOPLIST_KEY_UIApplicationSceneManifest_Generation = YES;
				INFOPLIST_KEY_UIApplicationSupportsIndirectInputEvents = YES;
				INFOPLIST_KEY_UILaunchScreen_Generation = YES;
				INFOPLIST_KEY_UISupportedInterfaceOrientations_iPad = "UIInterfaceOrientationPortrait UIInterfaceOrientationPortraitUpsideDown UIInterfaceOrientationLandscapeLeft UIInterfaceOrientationLandscapeRight";
				INFOPLIST_KEY_UISupportedInterfaceOrientations_iPhone = "UIInterfaceOrientationPortrait UIInterfaceOrientationLandscapeLeft UIInterfaceOrientationLandscapeRight";
				LD_RUNPATH_SEARCH_PATHS = (
					"$(inherited)",
					"@executable_path/Frameworks",
				);
				MARKETING_VERSION = 1.0;
				PRODUCT_BUNDLE_IDENTIFIER = KWK.gitHubTutorial;
				PRODUCT_NAME = "$(TARGET_NAME)";
				SWIFT_EMIT_LOC_STRINGS = YES;
				SWIFT_VERSION = 5.0;
				TARGETED_DEVICE_FAMILY = "1,2";
			};
			name = Release;
		};
		70F365972C41AEC200DABE93 /* Debug */ = {
			isa = XCBuildConfiguration;
			buildSettings = {
				ALWAYS_EMBED_SWIFT_STANDARD_LIBRARIES = YES;
				BUNDLE_LOADER = "$(TEST_HOST)";
				CODE_SIGN_STYLE = Automatic;
				CURRENT_PROJECT_VERSION = 1;
				GENERATE_INFOPLIST_FILE = YES;
				IPHONEOS_DEPLOYMENT_TARGET = 17.5;
				MARKETING_VERSION = 1.0;
				PRODUCT_BUNDLE_IDENTIFIER = KWK.gitHubTutorialTests;
				PRODUCT_NAME = "$(TARGET_NAME)";
				SWIFT_EMIT_LOC_STRINGS = NO;
				SWIFT_VERSION = 5.0;
				TARGETED_DEVICE_FAMILY = "1,2";
				TEST_HOST = "$(BUILT_PRODUCTS_DIR)/gitHubTutorial.app/$(BUNDLE_EXECUTABLE_FOLDER_PATH)/gitHubTutorial";
			};
			name = Debug;
		};
		70F365982C41AEC200DABE93 /* Release */ = {
			isa = XCBuildConfiguration;
			buildSettings = {
				ALWAYS_EMBED_SWIFT_STANDARD_LIBRARIES = YES;
				BUNDLE_LOADER = "$(TEST_HOST)";
				CODE_SIGN_STYLE = Automatic;
				CURRENT_PROJECT_VERSION = 1;
				GENERATE_INFOPLIST_FILE = YES;
				IPHONEOS_DEPLOYMENT_TARGET = 17.5;
				MARKETING_VERSION = 1.0;
				PRODUCT_BUNDLE_IDENTIFIER = KWK.gitHubTutorialTests;
				PRODUCT_NAME = "$(TARGET_NAME)";
				SWIFT_EMIT_LOC_STRINGS = NO;
				SWIFT_VERSION = 5.0;
				TARGETED_DEVICE_FAMILY = "1,2";
				TEST_HOST = "$(BUILT_PRODUCTS_DIR)/gitHubTutorial.app/$(BUNDLE_EXECUTABLE_FOLDER_PATH)/gitHubTutorial";
			};
			name = Release;
		};
		70F3659A2C41AEC200DABE93 /* Debug */ = {
			isa = XCBuildConfiguration;
			buildSettings = {
				ALWAYS_EMBED_SWIFT_STANDARD_LIBRARIES = YES;
				CODE_SIGN_STYLE = Automatic;
				CURRENT_PROJECT_VERSION = 1;
				GENERATE_INFOPLIST_FILE = YES;
				MARKETING_VERSION = 1.0;
				PRODUCT_BUNDLE_IDENTIFIER = KWK.gitHubTutorialUITests;
				PRODUCT_NAME = "$(TARGET_NAME)";
				SWIFT_EMIT_LOC_STRINGS = NO;
				SWIFT_VERSION = 5.0;
				TARGETED_DEVICE_FAMILY = "1,2";
				TEST_TARGET_NAME = gitHubTutorial;
			};
			name = Debug;
		};
		70F3659B2C41AEC200DABE93 /* Release */ = {
			isa = XCBuildConfiguration;
			buildSettings = {
				ALWAYS_EMBED_SWIFT_STANDARD_LIBRARIES = YES;
				CODE_SIGN_STYLE = Automatic;
				CURRENT_PROJECT_VERSION = 1;
				GENERATE_INFOPLIST_FILE = YES;
				MARKETING_VERSION = 1.0;
				PRODUCT_BUNDLE_IDENTIFIER = KWK.gitHubTutorialUITests;
				PRODUCT_NAME = "$(TARGET_NAME)";
				SWIFT_EMIT_LOC_STRINGS = NO;
				SWIFT_VERSION = 5.0;
				TARGETED_DEVICE_FAMILY = "1,2";
				TEST_TARGET_NAME = gitHubTutorial;
			};
			name = Release;
		};
/* End XCBuildConfiguration section */

/* Begin XCConfigurationList section */
		70F3656A2C41AEBC00DABE93 /* Build configuration list for PBXProject "gitHubTutorial" */ = {
			isa = XCConfigurationList;
			buildConfigurations = (
				70F365912C41AEC200DABE93 /* Debug */,
				70F365922C41AEC200DABE93 /* Release */,
			);
			defaultConfigurationIsVisible = 0;
			defaultConfigurationName = Release;
		};
		70F365932C41AEC200DABE93 /* Build configuration list for PBXNativeTarget "gitHubTutorial" */ = {
			isa = XCConfigurationList;
			buildConfigurations = (
				70F365942C41AEC200DABE93 /* Debug */,
				70F365952C41AEC200DABE93 /* Release */,
			);
			defaultConfigurationIsVisible = 0;
			defaultConfigurationName = Release;
		};
		70F365962C41AEC200DABE93 /* Build configuration list for PBXNativeTarget "gitHubTutorialTests" */ = {
			isa = XCConfigurationList;
			buildConfigurations = (
				70F365972C41AEC200DABE93 /* Debug */,
				70F365982C41AEC200DABE93 /* Release */,
			);
			defaultConfigurationIsVisible = 0;
			defaultConfigurationName = Release;
		};
		70F365992C41AEC200DABE93 /* Build configuration list for PBXNativeTarget "gitHubTutorialUITests" */ = {
			isa = XCConfigurationList;
			buildConfigurations = (
				70F3659A2C41AEC200DABE93 /* Debug */,
				70F3659B2C41AEC200DABE93 /* Release */,
			);
			defaultConfigurationIsVisible = 0;
			defaultConfigurationName = Release;
		};
/* End XCConfigurationList section */
	};
	rootObject = 70F365672C41AEBC00DABE93 /* Project object */;
}
